<?xml version="1.0" encoding="utf-8"?>
<Project ToolsVersion="4.0" xmlns="http://schemas.microsoft.com/developer/msbuild/2003">
  <ItemGroup>
    <Filter Include="源文件">
      <UniqueIdentifier>{4FC737F1-C7A5-4376-A066-2A32D752A2FF}</UniqueIdentifier>
      <Extensions>cpp;c;cc;cxx;c++;cppm;ixx;def;odl;idl;hpj;bat;asm;asmx</Extensions>
    </Filter>
    <Filter Include="头文件">
      <UniqueIdentifier>{93995380-89BD-4b04-88EB-625FBE52EBFB}</UniqueIdentifier>
      <Extensions>h;hh;hpp;hxx;h++;hm;inl;inc;ipp;xsd</Extensions>
    </Filter>
    <Filter Include="资源文件">
      <UniqueIdentifier>{67DA6AB6-F800-4c08-8B7A-83BB121AAD01}</UniqueIdentifier>
      <Extensions>rc;ico;cur;bmp;dlg;rc2;rct;bin;rgs;gif;jpg;jpeg;jpe;resx;tiff;tif;png;wav;mfcribbon-ms</Extensions>
    </Filter>
    <Filter Include="imgui">
      <UniqueIdentifier>{ef04673a-a387-4e83-9984-5eaa6394c415}</UniqueIdentifier>
    </Filter>
    <Filter Include="FrameWork">
      <UniqueIdentifier>{43c2c9dc-dcad-472d-a4cb-1d3e918c74d6}</UniqueIdentifier>
    </Filter>
    <Filter Include="FrameWork\Shader">
      <UniqueIdentifier>{e6b73962-f279-4e7a-b5cf-7b312530e1cd}</UniqueIdentifier>
    </Filter>
    <Filter Include="GameWork">
      <UniqueIdentifier>{fc6cb723-a994-4687-baae-7d7904053545}</UniqueIdentifier>
    </Filter>
    <Filter Include="GameWork\GameLogic">
      <UniqueIdentifier>{cfd6e99d-ef7a-4391-9fcc-2c9f30030cae}</UniqueIdentifier>
    </Filter>
    <Filter Include="GameWork\GameLogic\GameManager">
      <UniqueIdentifier>{6eb61604-928a-416d-b34b-4ef9af3fa5e6}</UniqueIdentifier>
    </Filter>
    <Filter Include="GameWork\GameLogic\RPS">
      <UniqueIdentifier>{2e2fffb1-4c68-4abb-a7d1-8416be996afc}</UniqueIdentifier>
    </Filter>
    <Filter Include="GameWork\GameLogic\State">
      <UniqueIdentifier>{13ee5b48-f2e5-462a-ad16-18c40ab03573}</UniqueIdentifier>
    </Filter>
    <Filter Include="GameWork\GameLogic\ObjectPrefab">
      <UniqueIdentifier>{0348ea27-6d70-482d-8bb6-346357c8123a}</UniqueIdentifier>
    </Filter>
    <Filter Include="GameWork\GameLogic\ObjectPrefab\PieceObject">
      <UniqueIdentifier>{fb0ae7b8-cf32-4dd6-9024-c9b3a0e1d3a4}</UniqueIdentifier>
    </Filter>
    <Filter Include="GameWork\GameLogic\ObjectPrefab\UIObject">
      <UniqueIdentifier>{e49b6276-0d5c-421e-8795-4311d84eb88b}</UniqueIdentifier>
    </Filter>
    <Filter Include="GameWork\GameLogic\ObjectPrefab\SquareObject">
      <UniqueIdentifier>{d1020698-4d01-4d9c-b897-5d53b95feef0}</UniqueIdentifier>
    </Filter>
    <Filter Include="GameWork\GameLogic\ObjectPrefab\UIObject\Button">
      <UniqueIdentifier>{e81c9d28-41f9-4da8-9478-f231269736a9}</UniqueIdentifier>
    </Filter>
    <Filter Include="GameWork\GameLogic\ObjectPrefab\UIObject\Button\ButtonAnimeHelper">
      <UniqueIdentifier>{c04a1d45-c023-42b1-ae85-bd3f9c07d5fe}</UniqueIdentifier>
    </Filter>
    <Filter Include="GameWork\GameLogic\ObjectPrefab\UIObject\Image">
      <UniqueIdentifier>{b91b9628-e557-48fe-9ce8-8bc92d5688c6}</UniqueIdentifier>
    </Filter>
    <Filter Include="GameWork\GameLogic\ObjectPrefab\UIObject\GroupPanel">
      <UniqueIdentifier>{d581295e-a1d4-405a-b8c6-514ff76682c2}</UniqueIdentifier>
    </Filter>
    <Filter Include="GameWork\GameLogic\ObjectPrefab\UIObject\Image\UIAnimeHelper">
      <UniqueIdentifier>{a35956b3-d764-4a99-a848-cbe1677d301f}</UniqueIdentifier>
    </Filter>
    <Filter Include="input">
      <UniqueIdentifier>{ee7b3819-7b79-4435-9e0d-c66427b32391}</UniqueIdentifier>
    </Filter>
    <Filter Include="GameWork\Scene">
      <UniqueIdentifier>{2506631c-73c8-4f1f-aec9-4fd500d2ea05}</UniqueIdentifier>
    </Filter>
    <Filter Include="GameWork\GameLogic\MainExecutor">
      <UniqueIdentifier>{2c31c4f0-f93e-4ae5-b099-02b08b5da06d}</UniqueIdentifier>
    </Filter>
    <Filter Include="GameWork\GameLogic\MainExecutor\Piece">
      <UniqueIdentifier>{32f50801-a5ef-4a8a-9b01-48fc49f2449f}</UniqueIdentifier>
    </Filter>
    <Filter Include="GameWork\GameLogic\MainExecutor\Piece\Character">
      <UniqueIdentifier>{d6e4054f-3ed6-4327-b3c5-053b30ee364b}</UniqueIdentifier>
    </Filter>
    <Filter Include="GameWork\GameLogic\MainExecutor\Player">
      <UniqueIdentifier>{f064ed60-90b6-4f00-afdb-0b37d1391b2a}</UniqueIdentifier>
    </Filter>
    <Filter Include="GameWork\GameLogic\MainExecutor\Judgement">
      <UniqueIdentifier>{59784ae4-9ec0-4cd7-a468-b6991ec37688}</UniqueIdentifier>
    </Filter>
    <Filter Include="GameWork\GameLogic\MainExecutor\Server">
      <UniqueIdentifier>{d349e31b-ef52-41f2-a477-74760c09d9d2}</UniqueIdentifier>
    </Filter>
    <Filter Include="GameWork\GameLogic\MainExecutor\Client">
      <UniqueIdentifier>{84dd818d-5605-4d29-9560-50562a0e3023}</UniqueIdentifier>
    </Filter>
    <Filter Include="GameWork\GameLogic\ObjectPrefab\UIObject\Image\UIMark">
      <UniqueIdentifier>{20d16a71-d55c-42f2-840c-cc8bb1d95781}</UniqueIdentifier>
    </Filter>
    <Filter Include="GameWork\GameLogic\ObjectPrefab\UIObject\Image\UIStepStart">
      <UniqueIdentifier>{73b118d2-c30d-499f-bb11-03b697800a6c}</UniqueIdentifier>
    </Filter>
    <Filter Include="GameWork\GameLogic\ObjectPrefab\UIObject\Image\UIRPS">
      <UniqueIdentifier>{20d586fe-22b3-49fe-aed6-e0e9f3f77311}</UniqueIdentifier>
    </Filter>
    <Filter Include="GameWork\GameLogic\ObjectPrefab\UIObject\Image\UIActPoint">
      <UniqueIdentifier>{047b6e97-75b5-4eb6-b12d-1a3ff5f40097}</UniqueIdentifier>
    </Filter>
    <Filter Include="GameWork\GameLogic\ObjectPrefab\UIObject\Image\UISelect">
      <UniqueIdentifier>{05e6fcb2-44d0-4f12-a252-c001e1da5cd6}</UniqueIdentifier>
    </Filter>
    <Filter Include="GameWork\GameLogic\ObjectPrefab\UIObject\Image\UINumber">
      <UniqueIdentifier>{97bfc329-38a7-47a0-a88f-fa919a604ef8}</UniqueIdentifier>
    </Filter>
    <Filter Include="GameWork\GameLogic\ObjectPrefab\UIObject\Image\UIActSelection">
      <UniqueIdentifier>{4bb83c01-3abe-4199-b7f4-49fdff3c857a}</UniqueIdentifier>
    </Filter>
    <Filter Include="GameWork\GameLogic\ObjectPrefab\UIObject\Image\UISquare">
      <UniqueIdentifier>{773e4c6e-2863-49af-a9bc-0615aca9d814}</UniqueIdentifier>
    </Filter>
    <Filter Include="GameWork\GameLogic\State\SquareType">
      <UniqueIdentifier>{1744f1c7-3b1e-4477-8c10-fe0ab600808d}</UniqueIdentifier>
    </Filter>
    <Filter Include="GameWork\GameLogic\ObjectPrefab\UIObject\Image\UIGameOver">
      <UniqueIdentifier>{85c8ef2d-34b7-40bb-90fc-fa8038f81248}</UniqueIdentifier>
    </Filter>
    <Filter Include="network">
      <UniqueIdentifier>{c5b19956-5cb3-4936-a44c-ea5613d15c62}</UniqueIdentifier>
    </Filter>
    <Filter Include="network\MyNetwork">
      <UniqueIdentifier>{25a01ea6-48af-4af4-86ac-c6bb7b2d141e}</UniqueIdentifier>
    </Filter>
    <Filter Include="network\SerializedTool">
      <UniqueIdentifier>{adf126f9-f379-4198-a1d5-d96581a52926}</UniqueIdentifier>
    </Filter>
    <Filter Include="FrameWork\ComponentOriented">
      <UniqueIdentifier>{5d094695-d7ec-4bfb-93c1-6de094bb41fa}</UniqueIdentifier>
    </Filter>
    <Filter Include="FrameWork\ComponentOriented\Component">
      <UniqueIdentifier>{ad246d6a-8114-434b-887f-8fac1e04eea1}</UniqueIdentifier>
    </Filter>
    <Filter Include="FrameWork\ComponentOriented\Component\Draw">
      <UniqueIdentifier>{f638b7fa-d408-4b75-91e1-59c76267028d}</UniqueIdentifier>
    </Filter>
    <Filter Include="FrameWork\ComponentOriented\Component\Camera">
      <UniqueIdentifier>{5180f06a-08a1-441c-8be5-523f1c474f2b}</UniqueIdentifier>
    </Filter>
    <Filter Include="FrameWork\ComponentOriented\Component\Transform">
      <UniqueIdentifier>{b1d88ba7-04d5-4110-9430-d95ab52e5e35}</UniqueIdentifier>
    </Filter>
    <Filter Include="FrameWork\ComponentOriented\Component\Light">
      <UniqueIdentifier>{a5967f0d-2e4c-4218-beb8-356626f65e86}</UniqueIdentifier>
    </Filter>
    <Filter Include="FrameWork\ComponentOriented\Component\UI">
      <UniqueIdentifier>{47995cb7-c57a-4b39-bf2c-434cc8ca2c9e}</UniqueIdentifier>
    </Filter>
    <Filter Include="FrameWork\ComponentOriented\Component\UI\UIGroupControl">
      <UniqueIdentifier>{ff2c7e06-5fb3-4cc7-922c-ca45d9d21eef}</UniqueIdentifier>
    </Filter>
    <Filter Include="FrameWork\ComponentOriented\Component\UI\UIGroupControl\ButtonGroup">
      <UniqueIdentifier>{e5daf0f0-b8c0-47b7-936c-b22e1359d23d}</UniqueIdentifier>
    </Filter>
    <Filter Include="FrameWork\ComponentOriented\Component\UI\WorldToScreen">
      <UniqueIdentifier>{dff294f1-d177-46ca-b7a5-5416ae2135af}</UniqueIdentifier>
    </Filter>
    <Filter Include="FrameWork\ComponentOriented\Component\Collider">
      <UniqueIdentifier>{cef10bbf-6474-4423-a5d8-1a6dad3e0125}</UniqueIdentifier>
    </Filter>
    <Filter Include="FrameWork\ComponentOriented\Manager">
      <UniqueIdentifier>{e47699d6-514d-4046-910c-b80d29218098}</UniqueIdentifier>
    </Filter>
    <Filter Include="FrameWork\ComponentOriented\Manager\ResourceManager">
      <UniqueIdentifier>{fc6a5780-bfa3-45f6-b9e6-f276569dac13}</UniqueIdentifier>
    </Filter>
    <Filter Include="FrameWork\ComponentOriented\GameOject">
      <UniqueIdentifier>{b2ce0c2e-9c25-47c2-b793-448806309c0e}</UniqueIdentifier>
    </Filter>
    <Filter Include="FrameWork\ComponentOriented\Component\Animation">
      <UniqueIdentifier>{404f6a26-5c6f-46f5-988c-f1a426380f45}</UniqueIdentifier>
    </Filter>
    <Filter Include="FrameWork\ComponentOriented\Component\LookAt">
      <UniqueIdentifier>{4e997af3-e1d3-48e3-b6db-baba498d1127}</UniqueIdentifier>
    </Filter>
    <Filter Include="FrameWork\ComponentOriented\Component\MoveControl">
      <UniqueIdentifier>{cd397cd0-58d5-4818-8500-6fcf69669cb2}</UniqueIdentifier>
    </Filter>
    <Filter Include="FrameWork\ExtendTool">
      <UniqueIdentifier>{8956d379-8f04-4721-a275-1e57004916ad}</UniqueIdentifier>
    </Filter>
    <Filter Include="GameWork\StandardGameObject">
      <UniqueIdentifier>{75333966-10e0-4cba-8af0-6638b5c97c04}</UniqueIdentifier>
    </Filter>
    <Filter Include="GameWork\StandardGameObject\Particle">
      <UniqueIdentifier>{ee45d979-8eb8-4ffe-af11-8621e1564eed}</UniqueIdentifier>
    </Filter>
    <Filter Include="GameWork\StandardGameObject\UI">
      <UniqueIdentifier>{47c15d57-f2c6-4a46-8f3f-261429557e61}</UniqueIdentifier>
    </Filter>
    <Filter Include="GameWork\GameLogic\MainExecutor\Board">
      <UniqueIdentifier>{f6357ea9-c2a0-4eb4-88c7-dd3b6fb4682d}</UniqueIdentifier>
    </Filter>
    <Filter Include="GameWork\GameLogic\ExecutorBehaviourSystem">
      <UniqueIdentifier>{bf3900f3-d290-4eec-9757-28d83cd545b4}</UniqueIdentifier>
    </Filter>
    <Filter Include="GameWork\GameLogic\ExecutorBehaviourSystem\ConcreteBehaviour">
      <UniqueIdentifier>{130153b9-3201-493b-9628-2109d8537b32}</UniqueIdentifier>
    </Filter>
    <Filter Include="GameWork\GameLogic\ExecutorBehaviourSystem\ConcreteBehaviour\JudgementBehaviour">
      <UniqueIdentifier>{68584403-27f8-4fc0-a2aa-fd8d9c10185b}</UniqueIdentifier>
    </Filter>
    <Filter Include="GameWork\GameLogic\ExecutorBehaviourSystem\ConcreteBehaviour\PieceBehaivour">
      <UniqueIdentifier>{ed7a3520-b3fe-4e2d-a6ff-c32b21cd5f09}</UniqueIdentifier>
    </Filter>
    <Filter Include="GameWork\GameLogic\ExecutorBehaviourSystem\ConcreteBehaviour\ClientBehaviour">
      <UniqueIdentifier>{488fd3e5-ec40-40d5-8f0c-e5c7dd8a48e7}</UniqueIdentifier>
    </Filter>
    <Filter Include="GameWork\GameLogic\ExecutorBehaviourSystem\ConcreteBehaviour\PlayerBehaviour">
      <UniqueIdentifier>{c3d38816-f599-40eb-8dc2-2c8f81d96d17}</UniqueIdentifier>
    </Filter>
    <Filter Include="GameWork\GameLogic\ExecutorBehaviourSystem\ConcreteBehaviour\ServerBehaviour">
      <UniqueIdentifier>{5b427a5d-6263-4174-afd7-1c6f48b8d4a9}</UniqueIdentifier>
    </Filter>
    <Filter Include="GameWork\GameLogic\ExecutorBehaviourSystem\ConcreteBehaviour\Helper">
      <UniqueIdentifier>{95a88279-6a72-4e64-ad47-1fd552ec0fa2}</UniqueIdentifier>
    </Filter>
  </ItemGroup>
  <ItemGroup>
    <ClCompile Include="main.cpp">
      <Filter>源文件</Filter>
    </ClCompile>
    <ClCompile Include="imgui\imgui.cpp">
      <Filter>imgui</Filter>
    </ClCompile>
    <ClCompile Include="imgui\imgui_demo.cpp">
      <Filter>imgui</Filter>
    </ClCompile>
    <ClCompile Include="imgui\imgui_draw.cpp">
      <Filter>imgui</Filter>
    </ClCompile>
    <ClCompile Include="imgui\imgui_impl_dx11.cpp">
      <Filter>imgui</Filter>
    </ClCompile>
    <ClCompile Include="imgui\imgui_impl_win32.cpp">
      <Filter>imgui</Filter>
    </ClCompile>
    <ClCompile Include="imgui\imgui_tables.cpp">
      <Filter>imgui</Filter>
    </ClCompile>
    <ClCompile Include="imgui\imgui_widgets.cpp">
      <Filter>imgui</Filter>
    </ClCompile>
    <ClCompile Include="resource.cpp">
      <Filter>FrameWork\ComponentOriented\Manager\ResourceManager</Filter>
    </ClCompile>
    <ClCompile Include="model.cpp">
      <Filter>FrameWork\ComponentOriented\Manager\ResourceManager</Filter>
    </ClCompile>
    <ClCompile Include="Component.cpp">
      <Filter>FrameWork\ComponentOriented\Component</Filter>
    </ClCompile>
    <ClCompile Include="Camera.cpp">
      <Filter>FrameWork\ComponentOriented\Component\Camera</Filter>
    </ClCompile>
    <ClCompile Include="Polygon2D.cpp">
      <Filter>FrameWork\ComponentOriented\Component\Draw</Filter>
    </ClCompile>
    <ClCompile Include="Polygon3D.cpp">
      <Filter>FrameWork\ComponentOriented\Component\Draw</Filter>
    </ClCompile>
    <ClCompile Include="Transform3D.cpp">
      <Filter>FrameWork\ComponentOriented\Component\Transform</Filter>
    </ClCompile>
    <ClCompile Include="DrawObject.cpp">
      <Filter>FrameWork\ComponentOriented\Component\Draw</Filter>
    </ClCompile>
    <ClCompile Include="renderer.cpp">
      <Filter>FrameWork</Filter>
    </ClCompile>
    <ClCompile Include="cameraManager.cpp">
      <Filter>FrameWork\ComponentOriented\Manager</Filter>
    </ClCompile>
    <ClCompile Include="drawManager.cpp">
      <Filter>FrameWork\ComponentOriented\Manager</Filter>
    </ClCompile>
    <ClCompile Include="gameObjectManager.cpp">
      <Filter>FrameWork\ComponentOriented\Manager</Filter>
    </ClCompile>
    <ClCompile Include="EffectParticle.cpp">
      <Filter>GameWork\StandardGameObject\Particle</Filter>
    </ClCompile>
    <ClCompile Include="Emitter.cpp">
      <Filter>GameWork\StandardGameObject\Particle</Filter>
    </ClCompile>
    <ClCompile Include="PolygonUI.cpp">
      <Filter>FrameWork\ComponentOriented\Component\Draw</Filter>
    </ClCompile>
    <ClCompile Include="debugInfo.cpp">
      <Filter>源文件</Filter>
    </ClCompile>
    <ClCompile Include="MyLight.cpp">
      <Filter>FrameWork\ComponentOriented\Component\Light</Filter>
    </ClCompile>
    <ClCompile Include="GameManager.cpp">
      <Filter>GameWork\GameLogic\GameManager</Filter>
    </ClCompile>
    <ClCompile Include="Behaviour.cpp">
      <Filter>GameWork\GameLogic\ExecutorBehaviourSystem</Filter>
    </ClCompile>
    <ClCompile Include="Pawn_Normal.cpp">
      <Filter>GameWork\GameLogic\ObjectPrefab\PieceObject</Filter>
    </ClCompile>
    <ClCompile Include="SquareObject.cpp">
      <Filter>GameWork\GameLogic\ObjectPrefab\SquareObject</Filter>
    </ClCompile>
    <ClCompile Include="Judgement.cpp">
      <Filter>GameWork\GameLogic\MainExecutor\Judgement</Filter>
    </ClCompile>
    <ClCompile Include="Board.cpp">
      <Filter>GameWork\GameLogic\MainExecutor\Board</Filter>
    </ClCompile>
    <ClCompile Include="PieceObject.cpp">
      <Filter>GameWork\GameLogic\ObjectPrefab\PieceObject</Filter>
    </ClCompile>
    <ClCompile Include="Transform.cpp">
      <Filter>FrameWork\ComponentOriented\Component\Transform</Filter>
    </ClCompile>
    <ClCompile Include="transformManager.cpp">
      <Filter>FrameWork\ComponentOriented\Manager</Filter>
    </ClCompile>
    <ClCompile Include="lightManager.cpp">
      <Filter>FrameWork\ComponentOriented\Manager</Filter>
    </ClCompile>
    <ClCompile Include="dlllib\Input.cpp">
      <Filter>input</Filter>
    </ClCompile>
    <ClCompile Include="DepthUI.cpp">
      <Filter>GameWork\StandardGameObject</Filter>
    </ClCompile>
    <ClCompile Include="MainCamera.cpp">
      <Filter>GameWork\StandardGameObject</Filter>
    </ClCompile>
    <ClCompile Include="MainLight.cpp">
      <Filter>GameWork\StandardGameObject</Filter>
    </ClCompile>
    <ClCompile Include="Torus.cpp">
      <Filter>GameWork\StandardGameObject</Filter>
    </ClCompile>
    <ClCompile Include="Button.cpp">
      <Filter>FrameWork\ComponentOriented\Component\UI</Filter>
    </ClCompile>
    <ClCompile Include="Plane.cpp">
      <Filter>GameWork\StandardGameObject</Filter>
    </ClCompile>
    <ClCompile Include="inputManager.cpp">
      <Filter>FrameWork\ComponentOriented\Manager</Filter>
    </ClCompile>
    <ClCompile Include="UIPanel.cpp">
      <Filter>GameWork\StandardGameObject\UI</Filter>
    </ClCompile>
    <ClCompile Include="uiSystem.cpp">
      <Filter>FrameWork\ComponentOriented\Manager</Filter>
    </ClCompile>
    <ClCompile Include="UIGroupControl.cpp">
      <Filter>FrameWork\ComponentOriented\Component\UI\UIGroupControl</Filter>
    </ClCompile>
    <ClCompile Include="ActOrderUIGroup.cpp">
      <Filter>FrameWork\ComponentOriented\Component\UI\UIGroupControl</Filter>
    </ClCompile>
    <ClCompile Include="GameObject.cpp">
      <Filter>FrameWork\ComponentOriented\GameOject</Filter>
    </ClCompile>
    <ClCompile Include="DrawLine.cpp">
      <Filter>FrameWork\ComponentOriented\Component\Draw</Filter>
    </ClCompile>
    <ClCompile Include="LinePainter.cpp">
      <Filter>GameWork\StandardGameObject</Filter>
    </ClCompile>
    <ClCompile Include="MoveControl.cpp">
      <Filter>FrameWork\ComponentOriented\Component\MoveControl</Filter>
    </ClCompile>
    <ClCompile Include="BoxCollider.cpp">
      <Filter>FrameWork\ComponentOriented\Component\Collider</Filter>
    </ClCompile>
    <ClCompile Include="LineCollisionTester.cpp">
      <Filter>GameWork\StandardGameObject</Filter>
    </ClCompile>
    <ClCompile Include="Cube.cpp">
      <Filter>GameWork\StandardGameObject</Filter>
    </ClCompile>
    <ClCompile Include="colliderManager.cpp">
      <Filter>FrameWork\ComponentOriented\Manager</Filter>
    </ClCompile>
    <ClCompile Include="Collider.cpp">
      <Filter>FrameWork\ComponentOriented\Component\Collider</Filter>
    </ClCompile>
    <ClCompile Include="LookAt.cpp">
      <Filter>FrameWork\ComponentOriented\Component\LookAt</Filter>
    </ClCompile>
    <ClCompile Include="LookAtCamera.cpp">
      <Filter>FrameWork\ComponentOriented\Component\LookAt</Filter>
    </ClCompile>
    <ClCompile Include="TransformAnime.cpp">
      <Filter>FrameWork\ComponentOriented\Component\Animation</Filter>
    </ClCompile>
    <ClCompile Include="ActSelection.cpp">
      <Filter>GameWork\StandardGameObject\UI</Filter>
    </ClCompile>
    <ClCompile Include="Polygon2DMany.cpp">
      <Filter>FrameWork\ComponentOriented\Component\Draw</Filter>
    </ClCompile>
    <ClCompile Include="ParticleSystem.cpp">
      <Filter>GameWork\StandardGameObject</Filter>
    </ClCompile>
    <ClCompile Include="Piece.cpp">
      <Filter>GameWork\GameLogic\MainExecutor\Piece</Filter>
    </ClCompile>
    <ClCompile Include="BehaviourFactory.cpp">
      <Filter>GameWork\GameLogic\ExecutorBehaviourSystem</Filter>
    </ClCompile>
    <ClCompile Include="TransformObject.cpp">
      <Filter>GameWork\StandardGameObject</Filter>
    </ClCompile>
    <ClCompile Include="ButtonAnimeHelper.cpp">
      <Filter>GameWork\GameLogic\ObjectPrefab\UIObject\Button\ButtonAnimeHelper</Filter>
    </ClCompile>
    <ClCompile Include="ButtonGroup.cpp">
      <Filter>FrameWork\ComponentOriented\Component\UI\UIGroupControl\ButtonGroup</Filter>
    </ClCompile>
    <ClCompile Include="MyButtonHandGroup.cpp">
      <Filter>FrameWork\ComponentOriented\Component\UI\UIGroupControl\ButtonGroup</Filter>
    </ClCompile>
    <ClCompile Include="ButtonObject.cpp">
      <Filter>GameWork\GameLogic\ObjectPrefab\UIObject\Button</Filter>
    </ClCompile>
    <ClCompile Include="ButtonsPanel.cpp">
      <Filter>GameWork\GameLogic\ObjectPrefab\UIObject\GroupPanel</Filter>
    </ClCompile>
    <ClCompile Include="Character.cpp">
      <Filter>GameWork\GameLogic\MainExecutor\Piece\Character</Filter>
    </ClCompile>
    <ClCompile Include="UIAnimeHelper.cpp">
      <Filter>GameWork\GameLogic\ObjectPrefab\UIObject\Image\UIAnimeHelper</Filter>
    </ClCompile>
    <ClCompile Include="WorldToScreen.cpp">
      <Filter>FrameWork\ComponentOriented\Component\UI\WorldToScreen</Filter>
    </ClCompile>
    <ClCompile Include="RPS.cpp">
      <Filter>GameWork\GameLogic\RPS</Filter>
    </ClCompile>
    <ClCompile Include="TitleScene.cpp">
      <Filter>GameWork\Scene</Filter>
    </ClCompile>
    <ClCompile Include="GameScene.cpp">
      <Filter>GameWork\Scene</Filter>
    </ClCompile>
    <ClCompile Include="MousePointRay.cpp">
      <Filter>GameWork\StandardGameObject</Filter>
    </ClCompile>
    <ClCompile Include="Sphere.cpp">
      <Filter>GameWork\StandardGameObject</Filter>
    </ClCompile>
    <ClCompile Include="FreeCamera.cpp">
      <Filter>GameWork\StandardGameObject</Filter>
    </ClCompile>
    <ClCompile Include="Executor.cpp">
      <Filter>GameWork\GameLogic\ExecutorBehaviourSystem</Filter>
    </ClCompile>
    <ClCompile Include="MouseMove.cpp">
      <Filter>GameWork\StandardGameObject</Filter>
    </ClCompile>
    <ClCompile Include="TestScene.cpp">
      <Filter>GameWork\Scene</Filter>
    </ClCompile>
    <ClCompile Include="PieceBehaviour.cpp">
      <Filter>GameWork\GameLogic\ExecutorBehaviourSystem\ConcreteBehaviour\PieceBehaivour</Filter>
    </ClCompile>
    <ClCompile Include="JudgementBehaviour.cpp">
      <Filter>GameWork\GameLogic\ExecutorBehaviourSystem\ConcreteBehaviour\JudgementBehaviour</Filter>
    </ClCompile>
    <ClCompile Include="Player.cpp">
      <Filter>GameWork\GameLogic\MainExecutor\Player</Filter>
    </ClCompile>
    <ClCompile Include="Client.cpp">
      <Filter>GameWork\GameLogic\MainExecutor\Client</Filter>
    </ClCompile>
    <ClCompile Include="Server.cpp">
      <Filter>GameWork\GameLogic\MainExecutor\Server</Filter>
    </ClCompile>
    <ClCompile Include="PlayerBehaviour.cpp">
      <Filter>GameWork\GameLogic\ExecutorBehaviourSystem\ConcreteBehaviour\PlayerBehaviour</Filter>
    </ClCompile>
    <ClCompile Include="ServerBehaviour.cpp">
      <Filter>GameWork\GameLogic\ExecutorBehaviourSystem\ConcreteBehaviour\ServerBehaviour</Filter>
    </ClCompile>
    <ClCompile Include="ClientBehaviour.cpp">
      <Filter>GameWork\GameLogic\ExecutorBehaviourSystem\ConcreteBehaviour\ClientBehaviour</Filter>
    </ClCompile>
    <ClCompile Include="WaitRoomScene.cpp">
      <Filter>GameWork\Scene</Filter>
    </ClCompile>
    <ClCompile Include="SerializedTool.cpp">
      <Filter>network\SerializedTool</Filter>
    </ClCompile>
    <ClCompile Include="ShowUIHelper.cpp">
      <Filter>GameWork\GameLogic\ExecutorBehaviourSystem\ConcreteBehaviour\Helper</Filter>
    </ClCompile>
    <ClCompile Include="UIActMark.cpp">
      <Filter>GameWork\GameLogic\ObjectPrefab\UIObject\Image\UIMark</Filter>
    </ClCompile>
    <ClCompile Include="UIFinishMark.cpp">
      <Filter>GameWork\GameLogic\ObjectPrefab\UIObject\Image\UIMark</Filter>
    </ClCompile>
    <ClCompile Include="UIThinkMark.cpp">
      <Filter>GameWork\GameLogic\ObjectPrefab\UIObject\Image\UIMark</Filter>
    </ClCompile>
    <ClCompile Include="UIMark.cpp">
      <Filter>GameWork\GameLogic\ObjectPrefab\UIObject\Image\UIMark</Filter>
    </ClCompile>
    <ClCompile Include="UITurnStart.cpp">
      <Filter>GameWork\GameLogic\ObjectPrefab\UIObject\Image\UIStepStart</Filter>
    </ClCompile>
    <ClCompile Include="UIRPSStart.cpp">
      <Filter>GameWork\GameLogic\ObjectPrefab\UIObject\Image\UIStepStart</Filter>
    </ClCompile>
    <ClCompile Include="UIGameStart.cpp">
      <Filter>GameWork\GameLogic\ObjectPrefab\UIObject\Image\UIStepStart</Filter>
    </ClCompile>
    <ClCompile Include="UIActStart.cpp">
      <Filter>GameWork\GameLogic\ObjectPrefab\UIObject\Image\UIStepStart</Filter>
    </ClCompile>
    <ClCompile Include="UIRPS.cpp">
      <Filter>GameWork\GameLogic\ObjectPrefab\UIObject\Image\UIRPS</Filter>
    </ClCompile>
    <ClCompile Include="UIActPoint.cpp">
      <Filter>GameWork\GameLogic\ObjectPrefab\UIObject\Image\UIActPoint</Filter>
    </ClCompile>
    <ClCompile Include="UISelect.cpp">
      <Filter>GameWork\GameLogic\ObjectPrefab\UIObject\Image\UISelect</Filter>
    </ClCompile>
    <ClCompile Include="UINumber.cpp">
      <Filter>GameWork\GameLogic\ObjectPrefab\UIObject\Image\UINumber</Filter>
    </ClCompile>
    <ClCompile Include="UINumbers.cpp">
      <Filter>GameWork\GameLogic\ObjectPrefab\UIObject\Image\UINumber</Filter>
    </ClCompile>
    <ClCompile Include="UIHand.cpp">
      <Filter>GameWork\GameLogic\ObjectPrefab\UIObject\Image\UIRPS</Filter>
    </ClCompile>
    <ClCompile Include="UIActSelection.cpp">
      <Filter>GameWork\GameLogic\ObjectPrefab\UIObject\Image\UIActSelection</Filter>
    </ClCompile>
    <ClCompile Include="UISquareSelection.cpp">
      <Filter>GameWork\GameLogic\ObjectPrefab\UIObject\Image\UISquare</Filter>
    </ClCompile>
    <ClCompile Include="SquareType.cpp">
      <Filter>GameWork\GameLogic\State\SquareType</Filter>
    </ClCompile>
    <ClCompile Include="Square.cpp">
      <Filter>GameWork\GameLogic\MainExecutor\Board</Filter>
    </ClCompile>
    <ClCompile Include="UIGameOver.cpp">
      <Filter>GameWork\GameLogic\ObjectPrefab\UIObject\Image\UIGameOver</Filter>
    </ClCompile>
    <ClCompile Include="network\NetworkManager.cpp">
      <Filter>network</Filter>
    </ClCompile>
    <ClCompile Include="network\NetworkObject.cpp">
      <Filter>network</Filter>
    </ClCompile>
    <ClCompile Include="MyNetManager.cpp">
      <Filter>network\MyNetwork</Filter>
    </ClCompile>
    <ClCompile Include="NetworkSendFunc.cpp">
      <Filter>network\MyNetwork</Filter>
    </ClCompile>
    <ClCompile Include="LoopList.cpp">
      <Filter>FrameWork\ExtendTool</Filter>
    </ClCompile>
    <ClCompile Include="Math.cpp">
      <Filter>FrameWork\ExtendTool</Filter>
    </ClCompile>
    <ClCompile Include="Collision.cpp">
      <Filter>FrameWork\ExtendTool</Filter>
    </ClCompile>
    <ClCompile Include="SceneManager.cpp">
      <Filter>FrameWork\ComponentOriented\Manager</Filter>
    </ClCompile>
  </ItemGroup>
  <ItemGroup>
    <ClInclude Include="main.h">
      <Filter>头文件</Filter>
    </ClInclude>
    <ClInclude Include="imgui\imconfig.h">
      <Filter>imgui</Filter>
    </ClInclude>
    <ClInclude Include="imgui\imgui.h">
      <Filter>imgui</Filter>
    </ClInclude>
    <ClInclude Include="imgui\imgui_impl_dx11.h">
      <Filter>imgui</Filter>
    </ClInclude>
    <ClInclude Include="imgui\imgui_impl_win32.h">
      <Filter>imgui</Filter>
    </ClInclude>
    <ClInclude Include="imgui\imgui_internal.h">
      <Filter>imgui</Filter>
    </ClInclude>
    <ClInclude Include="imgui\imstb_rectpack.h">
      <Filter>imgui</Filter>
    </ClInclude>
    <ClInclude Include="imgui\imstb_textedit.h">
      <Filter>imgui</Filter>
    </ClInclude>
    <ClInclude Include="imgui\imstb_truetype.h">
      <Filter>imgui</Filter>
    </ClInclude>
    <ClInclude Include="resource.h">
      <Filter>FrameWork\ComponentOriented\Manager\ResourceManager</Filter>
    </ClInclude>
    <ClInclude Include="model.h">
      <Filter>FrameWork\ComponentOriented\Manager\ResourceManager</Filter>
    </ClInclude>
    <ClInclude Include="Component.h">
      <Filter>FrameWork\ComponentOriented\Component</Filter>
    </ClInclude>
    <ClInclude Include="Camera.h">
      <Filter>FrameWork\ComponentOriented\Component\Camera</Filter>
    </ClInclude>
    <ClInclude Include="Polygon3D.h">
      <Filter>FrameWork\ComponentOriented\Component\Draw</Filter>
    </ClInclude>
    <ClInclude Include="Polygon2D.h">
      <Filter>FrameWork\ComponentOriented\Component\Draw</Filter>
    </ClInclude>
    <ClInclude Include="Transform3D.h">
      <Filter>FrameWork\ComponentOriented\Component\Transform</Filter>
    </ClInclude>
    <ClInclude Include="DrawObject.h">
      <Filter>FrameWork\ComponentOriented\Component\Draw</Filter>
    </ClInclude>
    <ClInclude Include="renderer.h">
      <Filter>FrameWork</Filter>
    </ClInclude>
    <ClInclude Include="cameraManager.h">
      <Filter>FrameWork\ComponentOriented\Manager</Filter>
    </ClInclude>
    <ClInclude Include="drawManager.h">
      <Filter>FrameWork\ComponentOriented\Manager</Filter>
    </ClInclude>
    <ClInclude Include="gameObjectManager.h">
      <Filter>FrameWork\ComponentOriented\Manager</Filter>
    </ClInclude>
    <ClInclude Include="EffectParticle.h">
      <Filter>GameWork\StandardGameObject\Particle</Filter>
    </ClInclude>
    <ClInclude Include="Emitter.h">
      <Filter>GameWork\StandardGameObject\Particle</Filter>
    </ClInclude>
    <ClInclude Include="PolygonUI.h">
      <Filter>FrameWork\ComponentOriented\Component\Draw</Filter>
    </ClInclude>
    <ClInclude Include="debugInfo.h">
      <Filter>头文件</Filter>
    </ClInclude>
    <ClInclude Include="MyLight.h">
      <Filter>FrameWork\ComponentOriented\Component\Light</Filter>
    </ClInclude>
    <ClInclude Include="Singleton.h">
      <Filter>FrameWork</Filter>
    </ClInclude>
    <ClInclude Include="GameManager.h">
      <Filter>GameWork\GameLogic\GameManager</Filter>
    </ClInclude>
    <ClInclude Include="GameState.h">
      <Filter>GameWork\GameLogic\GameManager</Filter>
    </ClInclude>
    <ClInclude Include="Behaviour.h">
      <Filter>GameWork\GameLogic\ExecutorBehaviourSystem</Filter>
    </ClInclude>
    <ClInclude Include="BehaviourFactory.h">
      <Filter>GameWork\GameLogic\ExecutorBehaviourSystem</Filter>
    </ClInclude>
    <ClInclude Include="Judgement.h">
      <Filter>GameWork\GameLogic\MainExecutor\Judgement</Filter>
    </ClInclude>
    <ClInclude Include="Character.h">
      <Filter>GameWork\GameLogic\MainExecutor\Piece\Character</Filter>
    </ClInclude>
    <ClInclude Include="Piece.h">
      <Filter>GameWork\GameLogic\MainExecutor\Piece</Filter>
    </ClInclude>
    <ClInclude Include="Square.h">
      <Filter>GameWork\GameLogic\MainExecutor\Board</Filter>
    </ClInclude>
    <ClInclude Include="RPS.h">
      <Filter>GameWork\GameLogic\RPS</Filter>
    </ClInclude>
    <ClInclude Include="Executor.h">
      <Filter>GameWork\GameLogic\ExecutorBehaviourSystem</Filter>
    </ClInclude>
    <ClInclude Include="Pawn_Normal.h">
      <Filter>GameWork\GameLogic\ObjectPrefab\PieceObject</Filter>
    </ClInclude>
    <ClInclude Include="SquareObject.h">
      <Filter>GameWork\GameLogic\ObjectPrefab\SquareObject</Filter>
    </ClInclude>
    <ClInclude Include="Character_NormalGood.h">
      <Filter>GameWork\GameLogic\MainExecutor\Piece\Character</Filter>
    </ClInclude>
    <ClInclude Include="Character_NormalBad.h">
      <Filter>GameWork\GameLogic\MainExecutor\Piece\Character</Filter>
    </ClInclude>
    <ClInclude Include="PieceObject.h">
      <Filter>GameWork\GameLogic\ObjectPrefab\PieceObject</Filter>
    </ClInclude>
    <ClInclude Include="Board.h">
      <Filter>GameWork\GameLogic\MainExecutor\Board</Filter>
    </ClInclude>
    <ClInclude Include="State.h">
      <Filter>GameWork\GameLogic\State</Filter>
    </ClInclude>
    <ClInclude Include="SquareType_Goal.h">
      <Filter>GameWork\GameLogic\State\SquareType</Filter>
    </ClInclude>
    <ClInclude Include="SquareType.h">
      <Filter>GameWork\GameLogic\State\SquareType</Filter>
    </ClInclude>
    <ClInclude Include="Transform.h">
      <Filter>FrameWork\ComponentOriented\Component\Transform</Filter>
    </ClInclude>
    <ClInclude Include="transformManager.h">
      <Filter>FrameWork\ComponentOriented\Manager</Filter>
    </ClInclude>
    <ClInclude Include="lightManager.h">
      <Filter>FrameWork\ComponentOriented\Manager</Filter>
    </ClInclude>
    <ClInclude Include="dlllib\Input.h">
      <Filter>input</Filter>
    </ClInclude>
    <ClInclude Include="DepthUI.h">
      <Filter>GameWork\StandardGameObject</Filter>
    </ClInclude>
    <ClInclude Include="MainCamera.h">
      <Filter>GameWork\StandardGameObject</Filter>
    </ClInclude>
    <ClInclude Include="MainLight.h">
      <Filter>GameWork\StandardGameObject</Filter>
    </ClInclude>
    <ClInclude Include="Torus.h">
      <Filter>GameWork\StandardGameObject</Filter>
    </ClInclude>
    <ClInclude Include="Button.h">
      <Filter>FrameWork\ComponentOriented\Component\UI</Filter>
    </ClInclude>
    <ClInclude Include="Plane.h">
      <Filter>GameWork\StandardGameObject</Filter>
    </ClInclude>
    <ClInclude Include="inputManager.h">
      <Filter>FrameWork\ComponentOriented\Manager</Filter>
    </ClInclude>
    <ClInclude Include="UIPanel.h">
      <Filter>GameWork\StandardGameObject\UI</Filter>
    </ClInclude>
    <ClInclude Include="uiSystem.h">
      <Filter>FrameWork\ComponentOriented\Manager</Filter>
    </ClInclude>
    <ClInclude Include="UIGroupControl.h">
      <Filter>FrameWork\ComponentOriented\Component\UI\UIGroupControl</Filter>
    </ClInclude>
    <ClInclude Include="ActOrderUIGroup.h">
      <Filter>FrameWork\ComponentOriented\Component\UI\UIGroupControl</Filter>
    </ClInclude>
    <ClInclude Include="GameObject.h">
      <Filter>FrameWork\ComponentOriented\GameOject</Filter>
    </ClInclude>
    <ClInclude Include="DrawLine.h">
      <Filter>FrameWork\ComponentOriented\Component\Draw</Filter>
    </ClInclude>
    <ClInclude Include="LinePainter.h">
      <Filter>GameWork\StandardGameObject</Filter>
    </ClInclude>
    <ClInclude Include="MoveControl.h">
      <Filter>FrameWork\ComponentOriented\Component\MoveControl</Filter>
    </ClInclude>
    <ClInclude Include="BoxCollider.h">
      <Filter>FrameWork\ComponentOriented\Component\Collider</Filter>
    </ClInclude>
    <ClInclude Include="LineCollisionTester.h">
      <Filter>GameWork\StandardGameObject</Filter>
    </ClInclude>
    <ClInclude Include="Cube.h">
      <Filter>GameWork\StandardGameObject</Filter>
    </ClInclude>
    <ClInclude Include="colliderManager.h">
      <Filter>FrameWork\ComponentOriented\Manager</Filter>
    </ClInclude>
    <ClInclude Include="Collider.h">
      <Filter>FrameWork\ComponentOriented\Component\Collider</Filter>
    </ClInclude>
    <ClInclude Include="LookAt.h">
      <Filter>FrameWork\ComponentOriented\Component\LookAt</Filter>
    </ClInclude>
    <ClInclude Include="LookAtCamera.h">
      <Filter>FrameWork\ComponentOriented\Component\LookAt</Filter>
    </ClInclude>
    <ClInclude Include="TransformAnime.h">
      <Filter>FrameWork\ComponentOriented\Component\Animation</Filter>
    </ClInclude>
    <ClInclude Include="ActSelection.h">
      <Filter>GameWork\StandardGameObject\UI</Filter>
    </ClInclude>
    <ClInclude Include="Polygon2DMany.h">
      <Filter>FrameWork\ComponentOriented\Component\Draw</Filter>
    </ClInclude>
    <ClInclude Include="ParticleSystem.h">
      <Filter>GameWork\StandardGameObject</Filter>
    </ClInclude>
    <ClInclude Include="PieceBehaviour.h">
      <Filter>GameWork\GameLogic\ExecutorBehaviourSystem\ConcreteBehaviour\PieceBehaivour</Filter>
    </ClInclude>
    <ClInclude Include="JudgementBehaviour.h">
      <Filter>GameWork\GameLogic\ExecutorBehaviourSystem\ConcreteBehaviour\JudgementBehaviour</Filter>
    </ClInclude>
    <ClInclude Include="TransformObject.h">
      <Filter>GameWork\StandardGameObject</Filter>
    </ClInclude>
    <ClInclude Include="ButtonAnimeHelper.h">
      <Filter>GameWork\GameLogic\ObjectPrefab\UIObject\Button\ButtonAnimeHelper</Filter>
    </ClInclude>
    <ClInclude Include="ButtonGroup.h">
      <Filter>FrameWork\ComponentOriented\Component\UI\UIGroupControl\ButtonGroup</Filter>
    </ClInclude>
    <ClInclude Include="MyButtonGroup.h">
      <Filter>FrameWork\ComponentOriented\Component\UI\UIGroupControl\ButtonGroup</Filter>
    </ClInclude>
    <ClInclude Include="ButtonObject.h">
      <Filter>GameWork\GameLogic\ObjectPrefab\UIObject\Button</Filter>
    </ClInclude>
    <ClInclude Include="ButtonsPanel.h">
      <Filter>GameWork\GameLogic\ObjectPrefab\UIObject\GroupPanel</Filter>
    </ClInclude>
    <ClInclude Include="UIAnimeHelper.h">
      <Filter>GameWork\GameLogic\ObjectPrefab\UIObject\Image\UIAnimeHelper</Filter>
    </ClInclude>
    <ClInclude Include="WorldToScreen.h">
      <Filter>FrameWork\ComponentOriented\Component\UI\WorldToScreen</Filter>
    </ClInclude>
    <ClInclude Include="TitleScene.h">
      <Filter>GameWork\Scene</Filter>
    </ClInclude>
    <ClInclude Include="GameScene.h">
      <Filter>GameWork\Scene</Filter>
    </ClInclude>
    <ClInclude Include="MousePointRay.h">
      <Filter>GameWork\StandardGameObject</Filter>
    </ClInclude>
    <ClInclude Include="Sphere.h">
      <Filter>GameWork\StandardGameObject</Filter>
    </ClInclude>
    <ClInclude Include="FreeCamera.h">
      <Filter>GameWork\StandardGameObject</Filter>
    </ClInclude>
    <ClInclude Include="MouseMove.h">
      <Filter>GameWork\StandardGameObject</Filter>
    </ClInclude>
    <ClInclude Include="TestScene.h">
      <Filter>GameWork\Scene</Filter>
    </ClInclude>
    <ClInclude Include="Player.h">
      <Filter>GameWork\GameLogic\MainExecutor\Player</Filter>
    </ClInclude>
    <ClInclude Include="Client.h">
      <Filter>GameWork\GameLogic\MainExecutor\Client</Filter>
    </ClInclude>
    <ClInclude Include="Server.h">
      <Filter>GameWork\GameLogic\MainExecutor\Server</Filter>
    </ClInclude>
    <ClInclude Include="PlayerBehaviour.h">
      <Filter>GameWork\GameLogic\ExecutorBehaviourSystem\ConcreteBehaviour\PlayerBehaviour</Filter>
    </ClInclude>
    <ClInclude Include="ServerBehaviour.h">
      <Filter>GameWork\GameLogic\ExecutorBehaviourSystem\ConcreteBehaviour\ServerBehaviour</Filter>
    </ClInclude>
    <ClInclude Include="ClientBehaviour.h">
      <Filter>GameWork\GameLogic\ExecutorBehaviourSystem\ConcreteBehaviour\ClientBehaviour</Filter>
    </ClInclude>
    <ClInclude Include="WaitRoomScene.h">
      <Filter>GameWork\Scene</Filter>
    </ClInclude>
    <ClInclude Include="SerializedTool.h">
      <Filter>network\SerializedTool</Filter>
    </ClInclude>
    <ClInclude Include="ShowUIHelper.h">
      <Filter>GameWork\GameLogic\ExecutorBehaviourSystem\ConcreteBehaviour\Helper</Filter>
    </ClInclude>
    <ClInclude Include="UIActMark.h">
      <Filter>GameWork\GameLogic\ObjectPrefab\UIObject\Image\UIMark</Filter>
    </ClInclude>
    <ClInclude Include="UIFinishMark.h">
      <Filter>GameWork\GameLogic\ObjectPrefab\UIObject\Image\UIMark</Filter>
    </ClInclude>
    <ClInclude Include="UIThinkMark.h">
      <Filter>GameWork\GameLogic\ObjectPrefab\UIObject\Image\UIMark</Filter>
    </ClInclude>
    <ClInclude Include="UIMark.h">
      <Filter>GameWork\GameLogic\ObjectPrefab\UIObject\Image\UIMark</Filter>
    </ClInclude>
    <ClInclude Include="UITurnStart.h">
      <Filter>GameWork\GameLogic\ObjectPrefab\UIObject\Image\UIStepStart</Filter>
    </ClInclude>
    <ClInclude Include="UIRPSStart.h">
      <Filter>GameWork\GameLogic\ObjectPrefab\UIObject\Image\UIStepStart</Filter>
    </ClInclude>
    <ClInclude Include="UIGameStart.h">
      <Filter>GameWork\GameLogic\ObjectPrefab\UIObject\Image\UIStepStart</Filter>
    </ClInclude>
    <ClInclude Include="UIActStart.h">
      <Filter>GameWork\GameLogic\ObjectPrefab\UIObject\Image\UIStepStart</Filter>
    </ClInclude>
    <ClInclude Include="UIRPS.h">
      <Filter>GameWork\GameLogic\ObjectPrefab\UIObject\Image\UIRPS</Filter>
    </ClInclude>
    <ClInclude Include="UIActPoint.h">
      <Filter>GameWork\GameLogic\ObjectPrefab\UIObject\Image\UIActPoint</Filter>
    </ClInclude>
    <ClInclude Include="UISelect.h">
      <Filter>GameWork\GameLogic\ObjectPrefab\UIObject\Image\UISelect</Filter>
    </ClInclude>
    <ClInclude Include="UINumbers.h">
      <Filter>GameWork\GameLogic\ObjectPrefab\UIObject\Image\UINumber</Filter>
    </ClInclude>
    <ClInclude Include="UINumber.h">
      <Filter>GameWork\GameLogic\ObjectPrefab\UIObject\Image\UINumber</Filter>
    </ClInclude>
    <ClInclude Include="UIHand.h">
      <Filter>GameWork\GameLogic\ObjectPrefab\UIObject\Image\UIRPS</Filter>
    </ClInclude>
    <ClInclude Include="UIActSelection.h">
      <Filter>GameWork\GameLogic\ObjectPrefab\UIObject\Image\UIActSelection</Filter>
    </ClInclude>
    <ClInclude Include="UISquareSelection.h">
      <Filter>GameWork\GameLogic\ObjectPrefab\UIObject\Image\UISquare</Filter>
    </ClInclude>
    <ClInclude Include="UIGameOver.h">
      <Filter>GameWork\GameLogic\ObjectPrefab\UIObject\Image\UIGameOver</Filter>
    </ClInclude>
    <ClInclude Include="network\NetworkManager.h">
      <Filter>network</Filter>
    </ClInclude>
    <ClInclude Include="network\NetworkObject.h">
      <Filter>network</Filter>
    </ClInclude>
    <ClInclude Include="MyNetManager.h">
      <Filter>network\MyNetwork</Filter>
    </ClInclude>
    <ClInclude Include="NetworkSendFunc.h">
      <Filter>network\MyNetwork</Filter>
    </ClInclude>
    <ClInclude Include="Math.h">
      <Filter>FrameWork\ExtendTool</Filter>
    </ClInclude>
    <ClInclude Include="LoopList.h">
      <Filter>FrameWork\ExtendTool</Filter>
    </ClInclude>
    <ClInclude Include="Collision.h">
      <Filter>FrameWork\ExtendTool</Filter>
    </ClInclude>
    <ClInclude Include="SceneManager.h">
      <Filter>FrameWork\ComponentOriented\Manager</Filter>
    </ClInclude>
  </ItemGroup>
  <ItemGroup>
    <FxCompile Include="hlsl\BlinnPhongLightingPS.hlsl">
      <Filter>FrameWork\Shader</Filter>
    </FxCompile>
    <FxCompile Include="hlsl\BlinnPhongLightingVS.hlsl">
      <Filter>FrameWork\Shader</Filter>
    </FxCompile>
    <FxCompile Include="hlsl\common.hlsl">
      <Filter>FrameWork\Shader</Filter>
    </FxCompile>
    <FxCompile Include="hlsl\unlitTexturePS.hlsl">
      <Filter>FrameWork\Shader</Filter>
    </FxCompile>
    <FxCompile Include="hlsl\unlitTextureVS.hlsl">
      <Filter>FrameWork\Shader</Filter>
    </FxCompile>
    <FxCompile Include="hlsl\DepthShadowMappingPS.hlsl">
      <Filter>FrameWork\Shader</Filter>
    </FxCompile>
    <FxCompile Include="hlsl\DepthShadowMappingVS.hlsl">
      <Filter>FrameWork\Shader</Filter>
    </FxCompile>
    <FxCompile Include="hlsl\unlitTextureInstancedVS.hlsl">
      <Filter>FrameWork\Shader</Filter>
    </FxCompile>
    <FxCompile Include="hlsl\SSAOCS.hlsl">
      <Filter>FrameWork\Shader</Filter>
    </FxCompile>
  </ItemGroup>
</Project>